// !$*UTF8*$!
{
	archiveVersion = 1;
	classes = {
	};
	objectVersion = 46;
	objects = {

/* Begin PBXBuildFile section */
		B9130F781B3A0D48005170E3 /* People.plist in Resources */ = {isa = PBXBuildFile; fileRef = B9130F771B3A0D48005170E3 /* People.plist */; };
		B929BECA1B3F41550079CFE8 /* AubreyDNJdeGrey.png in Resources */ = {isa = PBXBuildFile; fileRef = B929BEB91B3F41550079CFE8 /* AubreyDNJdeGrey.png */; };
		B929BECB1B3F41550079CFE8 /* AuroraSnow.png in Resources */ = {isa = PBXBuildFile; fileRef = B929BEBA1B3F41550079CFE8 /* AuroraSnow.png */; };
		B929BECC1B3F41550079CFE8 /* CHitchens.png in Resources */ = {isa = PBXBuildFile; fileRef = B929BEBB1B3F41550079CFE8 /* CHitchens.png */; };
		B929BECD1B3F41550079CFE8 /* DanBarker.png in Resources */ = {isa = PBXBuildFile; fileRef = B929BEBC1B3F41550079CFE8 /* DanBarker.png */; };
		B929BECE1B3F41550079CFE8 /* FCollins.png in Resources */ = {isa = PBXBuildFile; fileRef = B929BEBD1B3F41550079CFE8 /* FCollins.png */; };
		B929BECF1B3F41550079CFE8 /* GRPrice.png in Resources */ = {isa = PBXBuildFile; fileRef = B929BEBE1B3F41550079CFE8 /* GRPrice.png */; };
		B929BED01B3F41550079CFE8 /* JFresco.png in Resources */ = {isa = PBXBuildFile; fileRef = B929BEBF1B3F41550079CFE8 /* JFresco.png */; };
		B929BED11B3F41550079CFE8 /* MMcClure.png in Resources */ = {isa = PBXBuildFile; fileRef = B929BEC01B3F41550079CFE8 /* MMcClure.png */; };
		B929BED21B3F41550079CFE8 /* PaulErdos.png in Resources */ = {isa = PBXBuildFile; fileRef = B929BEC11B3F41550079CFE8 /* PaulErdos.png */; };
		B929BED31B3F41550079CFE8 /* PualDirac.png in Resources */ = {isa = PBXBuildFile; fileRef = B929BEC21B3F41550079CFE8 /* PualDirac.png */; };
		B929BED41B3F41550079CFE8 /* RAHeinlein.png in Resources */ = {isa = PBXBuildFile; fileRef = B929BEC31B3F41550079CFE8 /* RAHeinlein.png */; };
		B929BED51B3F41550079CFE8 /* RandiTheGreat.png in Resources */ = {isa = PBXBuildFile; fileRef = B929BEC41B3F41550079CFE8 /* RandiTheGreat.png */; };
		B929BED61B3F41550079CFE8 /* RickLooksHappy.png in Resources */ = {isa = PBXBuildFile; fileRef = B929BEC51B3F41550079CFE8 /* RickLooksHappy.png */; };
		B929BED71B3F41550079CFE8 /* RobertPrice.png in Resources */ = {isa = PBXBuildFile; fileRef = B929BEC61B3F41550079CFE8 /* RobertPrice.png */; };
		B929BED81B3F41550079CFE8 /* SBaxter.png in Resources */ = {isa = PBXBuildFile; fileRef = B929BEC71B3F41550079CFE8 /* SBaxter.png */; };
		B929BED91B3F41550079CFE8 /* StevenGibson.png in Resources */ = {isa = PBXBuildFile; fileRef = B929BEC81B3F41550079CFE8 /* StevenGibson.png */; };
		B929BEDA1B3F41550079CFE8 /* StevenPinker.png in Resources */ = {isa = PBXBuildFile; fileRef = B929BEC91B3F41550079CFE8 /* StevenPinker.png */; };
		B929BEDC1B3F48490079CFE8 /* AlanTuring.png in Resources */ = {isa = PBXBuildFile; fileRef = B929BEDB1B3F48480079CFE8 /* AlanTuring.png */; };
		B929BEDE1B3F52F10079CFE8 /* DennisGalvon.png in Resources */ = {isa = PBXBuildFile; fileRef = B929BEDD1B3F52F10079CFE8 /* DennisGalvon.png */; };
		B9A400E41B3929FE000CAABB /* AppDelegate.swift in Sources */ = {isa = PBXBuildFile; fileRef = B9A400E31B3929FE000CAABB /* AppDelegate.swift */; };
		B9A400E61B3929FE000CAABB /* ViewController.swift in Sources */ = {isa = PBXBuildFile; fileRef = B9A400E51B3929FE000CAABB /* ViewController.swift */; };
		B9A400E91B3929FE000CAABB /* Main.storyboard in Resources */ = {isa = PBXBuildFile; fileRef = B9A400E71B3929FE000CAABB /* Main.storyboard */; };
		B9A400EE1B3929FE000CAABB /* LaunchScreen.xib in Resources */ = {isa = PBXBuildFile; fileRef = B9A400EC1B3929FE000CAABB /* LaunchScreen.xib */; };
		B9A400FA1B3929FE000CAABB /* plistVer2HWTests.swift in Sources */ = {isa = PBXBuildFile; fileRef = B9A400F91B3929FE000CAABB /* plistVer2HWTests.swift */; };
		B9A4010B1B393342000CAABB /* PersonCell.swift in Sources */ = {isa = PBXBuildFile; fileRef = B9A4010A1B393342000CAABB /* PersonCell.swift */; };
		B9A4010D1B3933A9000CAABB /* DetailViewController.swift in Sources */ = {isa = PBXBuildFile; fileRef = B9A4010C1B3933A9000CAABB /* DetailViewController.swift */; };
		B9A4010F1B393412000CAABB /* Person.swift in Sources */ = {isa = PBXBuildFile; fileRef = B9A4010E1B393412000CAABB /* Person.swift */; };
		B9F415701B3C6E8700040FD5 /* Images.xcassets in Resources */ = {isa = PBXBuildFile; fileRef = B9F4156F1B3C6E8700040FD5 /* Images.xcassets */; };
/* End PBXBuildFile section */

/* Begin PBXContainerItemProxy section */
		B9A400F41B3929FE000CAABB /* PBXContainerItemProxy */ = {
			isa = PBXContainerItemProxy;
			containerPortal = B9A400D61B3929FE000CAABB /* Project object */;
			proxyType = 1;
			remoteGlobalIDString = B9A400DD1B3929FE000CAABB;
			remoteInfo = plistVer2HW;
		};
/* End PBXContainerItemProxy section */

/* Begin PBXFileReference section */
		B9130F771B3A0D48005170E3 /* People.plist */ = {isa = PBXFileReference; fileEncoding = 4; lastKnownFileType = text.plist.xml; path = People.plist; sourceTree = "<group>"; };
		B929BEB91B3F41550079CFE8 /* AubreyDNJdeGrey.png */ = {isa = PBXFileReference; lastKnownFileType = image.png; path = AubreyDNJdeGrey.png; sourceTree = "<group>"; };
		B929BEBA1B3F41550079CFE8 /* AuroraSnow.png */ = {isa = PBXFileReference; lastKnownFileType = image.png; path = AuroraSnow.png; sourceTree = "<group>"; };
		B929BEBB1B3F41550079CFE8 /* CHitchens.png */ = {isa = PBXFileReference; lastKnownFileType = image.png; path = CHitchens.png; sourceTree = "<group>"; };
		B929BEBC1B3F41550079CFE8 /* DanBarker.png */ = {isa = PBXFileReference; lastKnownFileType = image.png; path = DanBarker.png; sourceTree = "<group>"; };
		B929BEBD1B3F41550079CFE8 /* FCollins.png */ = {isa = PBXFileReference; lastKnownFileType = image.png; path = FCollins.png; sourceTree = "<group>"; };
		B929BEBE1B3F41550079CFE8 /* GRPrice.png */ = {isa = PBXFileReference; lastKnownFileType = image.png; path = GRPrice.png; sourceTree = "<group>"; };
		B929BEBF1B3F41550079CFE8 /* JFresco.png */ = {isa = PBXFileReference; lastKnownFileType = image.png; path = JFresco.png; sourceTree = "<group>"; };
		B929BEC01B3F41550079CFE8 /* MMcClure.png */ = {isa = PBXFileReference; lastKnownFileType = image.png; path = MMcClure.png; sourceTree = "<group>"; };
		B929BEC11B3F41550079CFE8 /* PaulErdos.png */ = {isa = PBXFileReference; lastKnownFileType = image.png; path = PaulErdos.png; sourceTree = "<group>"; };
		B929BEC21B3F41550079CFE8 /* PualDirac.png */ = {isa = PBXFileReference; lastKnownFileType = image.png; path = PualDirac.png; sourceTree = "<group>"; };
		B929BEC31B3F41550079CFE8 /* RAHeinlein.png */ = {isa = PBXFileReference; lastKnownFileType = image.png; path = RAHeinlein.png; sourceTree = "<group>"; };
		B929BEC41B3F41550079CFE8 /* RandiTheGreat.png */ = {isa = PBXFileReference; lastKnownFileType = image.png; path = RandiTheGreat.png; sourceTree = "<group>"; };
		B929BEC51B3F41550079CFE8 /* RickLooksHappy.png */ = {isa = PBXFileReference; lastKnownFileType = image.png; path = RickLooksHappy.png; sourceTree = "<group>"; };
		B929BEC61B3F41550079CFE8 /* RobertPrice.png */ = {isa = PBXFileReference; lastKnownFileType = image.png; path = RobertPrice.png; sourceTree = "<group>"; };
		B929BEC71B3F41550079CFE8 /* SBaxter.png */ = {isa = PBXFileReference; lastKnownFileType = image.png; path = SBaxter.png; sourceTree = "<group>"; };
		B929BEC81B3F41550079CFE8 /* StevenGibson.png */ = {isa = PBXFileReference; lastKnownFileType = image.png; path = StevenGibson.png; sourceTree = "<group>"; };
		B929BEC91B3F41550079CFE8 /* StevenPinker.png */ = {isa = PBXFileReference; lastKnownFileType = image.png; path = StevenPinker.png; sourceTree = "<group>"; };
		B929BEDB1B3F48480079CFE8 /* AlanTuring.png */ = {isa = PBXFileReference; lastKnownFileType = image.png; path = AlanTuring.png; sourceTree = "<group>"; };
		B929BEDD1B3F52F10079CFE8 /* DennisGalvon.png */ = {isa = PBXFileReference; lastKnownFileType = image.png; path = DennisGalvon.png; sourceTree = "<group>"; };
		B9A400DE1B3929FE000CAABB /* plistVer2HW.app */ = {isa = PBXFileReference; explicitFileType = wrapper.application; includeInIndex = 0; path = plistVer2HW.app; sourceTree = BUILT_PRODUCTS_DIR; };
		B9A400E21B3929FE000CAABB /* Info.plist */ = {isa = PBXFileReference; lastKnownFileType = text.plist.xml; path = Info.plist; sourceTree = "<group>"; };
		B9A400E31B3929FE000CAABB /* AppDelegate.swift */ = {isa = PBXFileReference; lastKnownFileType = sourcecode.swift; path = AppDelegate.swift; sourceTree = "<group>"; };
		B9A400E51B3929FE000CAABB /* ViewController.swift */ = {isa = PBXFileReference; lastKnownFileType = sourcecode.swift; path = ViewController.swift; sourceTree = "<group>"; };
		B9A400E81B3929FE000CAABB /* Base */ = {isa = PBXFileReference; lastKnownFileType = file.storyboard; name = Base; path = Base.lproj/Main.storyboard; sourceTree = "<group>"; };
		B9A400ED1B3929FE000CAABB /* Base */ = {isa = PBXFileReference; lastKnownFileType = file.xib; name = Base; path = Base.lproj/LaunchScreen.xib; sourceTree = "<group>"; };
		B9A400F31B3929FE000CAABB /* plistVer2HWTests.xctest */ = {isa = PBXFileReference; explicitFileType = wrapper.cfbundle; includeInIndex = 0; path = plistVer2HWTests.xctest; sourceTree = BUILT_PRODUCTS_DIR; };
		B9A400F81B3929FE000CAABB /* Info.plist */ = {isa = PBXFileReference; lastKnownFileType = text.plist.xml; path = Info.plist; sourceTree = "<group>"; };
		B9A400F91B3929FE000CAABB /* plistVer2HWTests.swift */ = {isa = PBXFileReference; lastKnownFileType = sourcecode.swift; path = plistVer2HWTests.swift; sourceTree = "<group>"; };
		B9A4010A1B393342000CAABB /* PersonCell.swift */ = {isa = PBXFileReference; fileEncoding = 4; lastKnownFileType = sourcecode.swift; path = PersonCell.swift; sourceTree = "<group>"; };
		B9A4010C1B3933A9000CAABB /* DetailViewController.swift */ = {isa = PBXFileReference; fileEncoding = 4; lastKnownFileType = sourcecode.swift; path = DetailViewController.swift; sourceTree = "<group>"; };
		B9A4010E1B393412000CAABB /* Person.swift */ = {isa = PBXFileReference; fileEncoding = 4; lastKnownFileType = sourcecode.swift; path = Person.swift; sourceTree = "<group>"; };
		B9F4156F1B3C6E8700040FD5 /* Images.xcassets */ = {isa = PBXFileReference; lastKnownFileType = folder.assetcatalog; path = Images.xcassets; sourceTree = "<group>"; };
/* End PBXFileReference section */

/* Begin PBXFrameworksBuildPhase section */
		B9A400DB1B3929FE000CAABB /* Frameworks */ = {
			isa = PBXFrameworksBuildPhase;
			buildActionMask = 2147483647;
			files = (
			);
			runOnlyForDeploymentPostprocessing = 0;
		};
		B9A400F01B3929FE000CAABB /* Frameworks */ = {
			isa = PBXFrameworksBuildPhase;
			buildActionMask = 2147483647;
			files = (
			);
			runOnlyForDeploymentPostprocessing = 0;
		};
/* End PBXFrameworksBuildPhase section */

/* Begin PBXGroup section */
		B9A400D51B3929FE000CAABB = {
			isa = PBXGroup;
			children = (
				B9A400E01B3929FE000CAABB /* plistVer2HW */,
				B9A400F61B3929FE000CAABB /* plistVer2HWTests */,
				B9A400DF1B3929FE000CAABB /* Products */,
			);
			sourceTree = "<group>";
		};
		B9A400DF1B3929FE000CAABB /* Products */ = {
			isa = PBXGroup;
			children = (
				B9A400DE1B3929FE000CAABB /* plistVer2HW.app */,
				B9A400F31B3929FE000CAABB /* plistVer2HWTests.xctest */,
			);
			name = Products;
			sourceTree = "<group>";
		};
		B9A400E01B3929FE000CAABB /* plistVer2HW */ = {
			isa = PBXGroup;
			children = (
				B9A401051B3931D2000CAABB /* Models */,
				B9A401041B3931C3000CAABB /* Controllers */,
				B9A401031B39319B000CAABB /* Views */,
				B9A400E31B3929FE000CAABB /* AppDelegate.swift */,
				B9A400EC1B3929FE000CAABB /* LaunchScreen.xib */,
				B9A400E11B3929FE000CAABB /* Supporting Files */,
			);
			path = plistVer2HW;
			sourceTree = "<group>";
		};
		B9A400E11B3929FE000CAABB /* Supporting Files */ = {
			isa = PBXGroup;
			children = (
				B929BEB91B3F41550079CFE8 /* AubreyDNJdeGrey.png */,
				B929BEBA1B3F41550079CFE8 /* AuroraSnow.png */,
				B929BEDB1B3F48480079CFE8 /* AlanTuring.png */,
				B929BEBB1B3F41550079CFE8 /* CHitchens.png */,
				B929BEBC1B3F41550079CFE8 /* DanBarker.png */,
				B929BEDD1B3F52F10079CFE8 /* DennisGalvon.png */,
				B929BEBD1B3F41550079CFE8 /* FCollins.png */,
				B929BEBE1B3F41550079CFE8 /* GRPrice.png */,
				B929BEBF1B3F41550079CFE8 /* JFresco.png */,
				B929BEC01B3F41550079CFE8 /* MMcClure.png */,
				B929BEC11B3F41550079CFE8 /* PaulErdos.png */,
				B929BEC21B3F41550079CFE8 /* PualDirac.png */,
				B929BEC31B3F41550079CFE8 /* RAHeinlein.png */,
				B929BEC41B3F41550079CFE8 /* RandiTheGreat.png */,
				B929BEC51B3F41550079CFE8 /* RickLooksHappy.png */,
				B929BEC61B3F41550079CFE8 /* RobertPrice.png */,
				B929BEC71B3F41550079CFE8 /* SBaxter.png */,
				B929BEC81B3F41550079CFE8 /* StevenGibson.png */,
				B929BEC91B3F41550079CFE8 /* StevenPinker.png */,
				B9130F771B3A0D48005170E3 /* People.plist */,
				B9A400E21B3929FE000CAABB /* Info.plist */,
			);
			name = "Supporting Files";
			sourceTree = "<group>";
		};
		B9A400F61B3929FE000CAABB /* plistVer2HWTests */ = {
			isa = PBXGroup;
			children = (
				B9A400F91B3929FE000CAABB /* plistVer2HWTests.swift */,
				B9A400F71B3929FE000CAABB /* Supporting Files */,
			);
			path = plistVer2HWTests;
			sourceTree = "<group>";
		};
		B9A400F71B3929FE000CAABB /* Supporting Files */ = {
			isa = PBXGroup;
			children = (
				B9A400F81B3929FE000CAABB /* Info.plist */,
			);
			name = "Supporting Files";
			sourceTree = "<group>";
		};
		B9A401031B39319B000CAABB /* Views */ = {
			isa = PBXGroup;
			children = (
				B9F4156F1B3C6E8700040FD5 /* Images.xcassets */,
				B9A400E71B3929FE000CAABB /* Main.storyboard */,
				B9A4010A1B393342000CAABB /* PersonCell.swift */,
			);
			name = Views;
			sourceTree = "<group>";
		};
		B9A401041B3931C3000CAABB /* Controllers */ = {
			isa = PBXGroup;
			children = (
				B9A400E51B3929FE000CAABB /* ViewController.swift */,
				B9A4010C1B3933A9000CAABB /* DetailViewController.swift */,
			);
			name = Controllers;
			sourceTree = "<group>";
		};
		B9A401051B3931D2000CAABB /* Models */ = {
			isa = PBXGroup;
			children = (
				B9A4010E1B393412000CAABB /* Person.swift */,
			);
			name = Models;
			sourceTree = "<group>";
		};
/* End PBXGroup section */

/* Begin PBXNativeTarget section */
		B9A400DD1B3929FE000CAABB /* plistVer2HW */ = {
			isa = PBXNativeTarget;
			buildConfigurationList = B9A400FD1B3929FE000CAABB /* Build configuration list for PBXNativeTarget "plistVer2HW" */;
			buildPhases = (
				B9A400DA1B3929FE000CAABB /* Sources */,
				B9A400DB1B3929FE000CAABB /* Frameworks */,
				B9A400DC1B3929FE000CAABB /* Resources */,
			);
			buildRules = (
			);
			dependencies = (
			);
			name = plistVer2HW;
			productName = plistVer2HW;
			productReference = B9A400DE1B3929FE000CAABB /* plistVer2HW.app */;
			productType = "com.apple.product-type.application";
		};
		B9A400F21B3929FE000CAABB /* plistVer2HWTests */ = {
			isa = PBXNativeTarget;
			buildConfigurationList = B9A401001B3929FE000CAABB /* Build configuration list for PBXNativeTarget "plistVer2HWTests" */;
			buildPhases = (
				B9A400EF1B3929FE000CAABB /* Sources */,
				B9A400F01B3929FE000CAABB /* Frameworks */,
				B9A400F11B3929FE000CAABB /* Resources */,
			);
			buildRules = (
			);
			dependencies = (
				B9A400F51B3929FE000CAABB /* PBXTargetDependency */,
			);
			name = plistVer2HWTests;
			productName = plistVer2HWTests;
			productReference = B9A400F31B3929FE000CAABB /* plistVer2HWTests.xctest */;
			productType = "com.apple.product-type.bundle.unit-test";
		};
/* End PBXNativeTarget section */

/* Begin PBXProject section */
		B9A400D61B3929FE000CAABB /* Project object */ = {
			isa = PBXProject;
			attributes = {
				LastUpgradeCheck = 0630;
				ORGANIZATIONNAME = "Bright Quasar Software, R.Woolley";
				TargetAttributes = {
					B9A400DD1B3929FE000CAABB = {
						CreatedOnToolsVersion = 6.3.2;
					};
					B9A400F21B3929FE000CAABB = {
						CreatedOnToolsVersion = 6.3.2;
						TestTargetID = B9A400DD1B3929FE000CAABB;
					};
				};
			};
			buildConfigurationList = B9A400D91B3929FE000CAABB /* Build configuration list for PBXProject "plistVer2HW" */;
			compatibilityVersion = "Xcode 3.2";
			developmentRegion = English;
			hasScannedForEncodings = 0;
			knownRegions = (
				en,
				Base,
			);
			mainGroup = B9A400D51B3929FE000CAABB;
			productRefGroup = B9A400DF1B3929FE000CAABB /* Products */;
			projectDirPath = "";
			projectRoot = "";
			targets = (
				B9A400DD1B3929FE000CAABB /* plistVer2HW */,
				B9A400F21B3929FE000CAABB /* plistVer2HWTests */,
			);
		};
/* End PBXProject section */

/* Begin PBXResourcesBuildPhase section */
		B9A400DC1B3929FE000CAABB /* Resources */ = {
			isa = PBXResourcesBuildPhase;
			buildActionMask = 2147483647;
			files = (
				B929BED91B3F41550079CFE8 /* StevenGibson.png in Resources */,
				B929BEDA1B3F41550079CFE8 /* StevenPinker.png in Resources */,
				B929BED41B3F41550079CFE8 /* RAHeinlein.png in Resources */,
				B929BEDE1B3F52F10079CFE8 /* DennisGalvon.png in Resources */,
				B929BECD1B3F41550079CFE8 /* DanBarker.png in Resources */,
				B929BECA1B3F41550079CFE8 /* AubreyDNJdeGrey.png in Resources */,
				B929BED01B3F41550079CFE8 /* JFresco.png in Resources */,
				B929BECF1B3F41550079CFE8 /* GRPrice.png in Resources */,
				B929BECC1B3F41550079CFE8 /* CHitchens.png in Resources */,
				B929BED51B3F41550079CFE8 /* RandiTheGreat.png in Resources */,
				B929BED81B3F41550079CFE8 /* SBaxter.png in Resources */,
				B9130F781B3A0D48005170E3 /* People.plist in Resources */,
				B929BED71B3F41550079CFE8 /* RobertPrice.png in Resources */,
				B929BECB1B3F41550079CFE8 /* AuroraSnow.png in Resources */,
				B9F415701B3C6E8700040FD5 /* Images.xcassets in Resources */,
				B929BED31B3F41550079CFE8 /* PualDirac.png in Resources */,
				B9A400E91B3929FE000CAABB /* Main.storyboard in Resources */,
				B929BED21B3F41550079CFE8 /* PaulErdos.png in Resources */,
				B9A400EE1B3929FE000CAABB /* LaunchScreen.xib in Resources */,
				B929BED11B3F41550079CFE8 /* MMcClure.png in Resources */,
				B929BEDC1B3F48490079CFE8 /* AlanTuring.png in Resources */,
				B929BED61B3F41550079CFE8 /* RickLooksHappy.png in Resources */,
				B929BECE1B3F41550079CFE8 /* FCollins.png in Resources */,
			);
			runOnlyForDeploymentPostprocessing = 0;
		};
		B9A400F11B3929FE000CAABB /* Resources */ = {
			isa = PBXResourcesBuildPhase;
			buildActionMask = 2147483647;
			files = (
			);
			runOnlyForDeploymentPostprocessing = 0;
		};
/* End PBXResourcesBuildPhase section */

/* Begin PBXSourcesBuildPhase section */
		B9A400DA1B3929FE000CAABB /* Sources */ = {
			isa = PBXSourcesBuildPhase;
			buildActionMask = 2147483647;
			files = (
				B9A4010F1B393412000CAABB /* Person.swift in Sources */,
				B9A400E61B3929FE000CAABB /* ViewController.swift in Sources */,
				B9A4010B1B393342000CAABB /* PersonCell.swift in Sources */,
				B9A400E41B3929FE000CAABB /* AppDelegate.swift in Sources */,
				B9A4010D1B3933A9000CAABB /* DetailViewController.swift in Sources */,
			);
			runOnlyForDeploymentPostprocessing = 0;
		};
		B9A400EF1B3929FE000CAABB /* Sources */ = {
			isa = PBXSourcesBuildPhase;
			buildActionMask = 2147483647;
			files = (
				B9A400FA1B3929FE000CAABB /* plistVer2HWTests.swift in Sources */,
			);
			runOnlyForDeploymentPostprocessing = 0;
		};
/* End PBXSourcesBuildPhase section */

/* Begin PBXTargetDependency section */
		B9A400F51B3929FE000CAABB /* PBXTargetDependency */ = {
			isa = PBXTargetDependency;
			target = B9A400DD1B3929FE000CAABB /* plistVer2HW */;
			targetProxy = B9A400F41B3929FE000CAABB /* PBXContainerItemProxy */;
		};
/* End PBXTargetDependency section */

/* Begin PBXVariantGroup section */
		B9A400E71B3929FE000CAABB /* Main.storyboard */ = {
			isa = PBXVariantGroup;
			children = (
				B9A400E81B3929FE000CAABB /* Base */,
			);
			name = Main.storyboard;
			sourceTree = "<group>";
		};
		B9A400EC1B3929FE000CAABB /* LaunchScreen.xib */ = {
			isa = PBXVariantGroup;
			children = (
				B9A400ED1B3929FE000CAABB /* Base */,
			);
			name = LaunchScreen.xib;
			sourceTree = "<group>";
		};
/* End PBXVariantGroup section */

/* Begin XCBuildConfiguration section */
		B9A400FB1B3929FE000CAABB /* Debug */ = {
			isa = XCBuildConfiguration;
			buildSettings = {
				ALWAYS_SEARCH_USER_PATHS = NO;
				CLANG_CXX_LANGUAGE_STANDARD = "gnu++0x";
				CLANG_CXX_LIBRARY = "libc++";
				CLANG_ENABLE_MODULES = YES;
				CLANG_ENABLE_OBJC_ARC = YES;
				CLANG_WARN_BOOL_CONVERSION = YES;
				CLANG_WARN_CONSTANT_CONVERSION = YES;
				CLANG_WARN_DIRECT_OBJC_ISA_USAGE = YES_ERROR;
				CLANG_WARN_EMPTY_BODY = YES;
				CLANG_WARN_ENUM_CONVERSION = YES;
				CLANG_WARN_INT_CONVERSION = YES;
				CLANG_WARN_OBJC_ROOT_CLASS = YES_ERROR;
				CLANG_WARN_UNREACHABLE_CODE = YES;
				CLANG_WARN__DUPLICATE_METHOD_MATCH = YES;
				"CODE_SIGN_IDENTITY[sdk=iphoneos*]" = "iPhone Developer";
				COPY_PHASE_STRIP = NO;
				DEBUG_INFORMATION_FORMAT = "dwarf-with-dsym";
				ENABLE_STRICT_OBJC_MSGSEND = YES;
				GCC_C_LANGUAGE_STANDARD = gnu99;
				GCC_DYNAMIC_NO_PIC = NO;
				GCC_NO_COMMON_BLOCKS = YES;
				GCC_OPTIMIZATION_LEVEL = 0;
				GCC_PREPROCESSOR_DEFINITIONS = (
					"DEBUG=1",
					"$(inherited)",
				);
				GCC_SYMBOLS_PRIVATE_EXTERN = NO;
				GCC_WARN_64_TO_32_BIT_CONVERSION = YES;
				GCC_WARN_ABOUT_RETURN_TYPE = YES_ERROR;
				GCC_WARN_UNDECLARED_SELECTOR = YES;
				GCC_WARN_UNINITIALIZED_AUTOS = YES_AGGRESSIVE;
				GCC_WARN_UNUSED_FUNCTION = YES;
				GCC_WARN_UNUSED_VARIABLE = YES;
				IPHONEOS_DEPLOYMENT_TARGET = 8.3;
				MTL_ENABLE_DEBUG_INFO = YES;
				ONLY_ACTIVE_ARCH = YES;
				SDKROOT = iphoneos;
				SWIFT_OPTIMIZATION_LEVEL = "-Onone";
			};
			name = Debug;
		};
		B9A400FC1B3929FE000CAABB /* Release */ = {
			isa = XCBuildConfiguration;
			buildSettings = {
				ALWAYS_SEARCH_USER_PATHS = NO;
				CLANG_CXX_LANGUAGE_STANDARD = "gnu++0x";
				CLANG_CXX_LIBRARY = "libc++";
				CLANG_ENABLE_MODULES = YES;
				CLANG_ENABLE_OBJC_ARC = YES;
				CLANG_WARN_BOOL_CONVERSION = YES;
				CLANG_WARN_CONSTANT_CONVERSION = YES;
				CLANG_WARN_DIRECT_OBJC_ISA_USAGE = YES_ERROR;
				CLANG_WARN_EMPTY_BODY = YES;
				CLANG_WARN_ENUM_CONVERSION = YES;
				CLANG_WARN_INT_CONVERSION = YES;
				CLANG_WARN_OBJC_ROOT_CLASS = YES_ERROR;
				CLANG_WARN_UNREACHABLE_CODE = YES;
				CLANG_WARN__DUPLICATE_METHOD_MATCH = YES;
				"CODE_SIGN_IDENTITY[sdk=iphoneos*]" = "iPhone Developer";
				COPY_PHASE_STRIP = NO;
				DEBUG_INFORMATION_FORMAT = "dwarf-with-dsym";
				ENABLE_NS_ASSERTIONS = NO;
				ENABLE_STRICT_OBJC_MSGSEND = YES;
				GCC_C_LANGUAGE_STANDARD = gnu99;
				GCC_NO_COMMON_BLOCKS = YES;
				GCC_WARN_64_TO_32_BIT_CONVERSION = YES;
				GCC_WARN_ABOUT_RETURN_TYPE = YES_ERROR;
				GCC_WARN_UNDECLARED_SELECTOR = YES;
				GCC_WARN_UNINITIALIZED_AUTOS = YES_AGGRESSIVE;
				GCC_WARN_UNUSED_FUNCTION = YES;
				GCC_WARN_UNUSED_VARIABLE = YES;
				IPHONEOS_DEPLOYMENT_TARGET = 8.3;
				MTL_ENABLE_DEBUG_INFO = NO;
				SDKROOT = iphoneos;
				VALIDATE_PRODUCT = YES;
			};
			name = Release;
		};
		B9A400FE1B3929FE000CAABB /* Debug */ = {
			isa = XCBuildConfiguration;
			buildSettings = {
				ASSETCATALOG_COMPILER_APPICON_NAME = AppIcon;
				INFOPLIST_FILE = plistVer2HW/Info.plist;
				LD_RUNPATH_SEARCH_PATHS = "$(inherited) @executable_path/Frameworks";
				PRODUCT_NAME = "$(TARGET_NAME)";
			};
			name = Debug;
		};
		B9A400FF1B3929FE000CAABB /* Release */ = {
			isa = XCBuildConfiguration;
			buildSettings = {
				ASSETCATALOG_COMPILER_APPICON_NAME = AppIcon;
				INFOPLIST_FILE = plistVer2HW/Info.plist;
				LD_RUNPATH_SEARCH_PATHS = "$(inherited) @executable_path/Frameworks";
				PRODUCT_NAME = "$(TARGET_NAME)";
			};
			name = Release;
		};
		B9A401011B3929FE000CAABB /* Debug */ = {
			isa = XCBuildConfiguration;
			buildSettings = {
				BUNDLE_LOADER = "$(TEST_HOST)";
				FRAMEWORK_SEARCH_PATHS = (
					"$(SDKROOT)/Developer/Library/Frameworks",
					"$(inherited)",
				);
				GCC_PREPROCESSOR_DEFINITIONS = (
					"DEBUG=1",
					"$(inherited)",
				);
				INFOPLIST_FILE = plistVer2HWTests/Info.plist;
				LD_RUNPATH_SEARCH_PATHS = "$(inherited) @executable_path/Frameworks @loader_path/Frameworks";
				PRODUCT_NAME = "$(TARGET_NAME)";
				TEST_HOST = "$(BUILT_PRODUCTS_DIR)/plistVer2HW.app/plistVer2HW";
			};
			name = Debug;
		};
		B9A401021B3929FE000CAABB /* Release */ = {
			isa = XCBuildConfiguration;
			buildSettings = {
				BUNDLE_LOADER = "$(TEST_HOST)";
				FRAMEWORK_SEARCH_PATHS = (
					"$(SDKROOT)/Developer/Library/Frameworks",
					"$(inherited)",
				);
				INFOPLIST_FILE = plistVer2HWTests/Info.plist;
				LD_RUNPATH_SEARCH_PATHS = "$(inherited) @executable_path/Frameworks @loader_path/Frameworks";
				PRODUCT_NAME = "$(TARGET_NAME)";
				TEST_HOST = "$(BUILT_PRODUCTS_DIR)/plistVer2HW.app/plistVer2HW";
			};
			name = Release;
		};
/* End XCBuildConfiguration section */

/* Begin XCConfigurationList section */
		B9A400D91B3929FE000CAABB /* Build configuration list for PBXProject "plistVer2HW" */ = {
			isa = XCConfigurationList;
			buildConfigurations = (
				B9A400FB1B3929FE000CAABB /* Debug */,
				B9A400FC1B3929FE000CAABB /* Release */,
			);
			defaultConfigurationIsVisible = 0;
			defaultConfigurationName = Release;
		};
		B9A400FD1B3929FE000CAABB /* Build configuration list for PBXNativeTarget "plistVer2HW" */ = {
			isa = XCConfigurationList;
			buildConfigurations = (
				B9A400FE1B3929FE000CAABB /* Debug */,
				B9A400FF1B3929FE000CAABB /* Release */,
			);
			defaultConfigurationIsVisible = 0;
			defaultConfigurationName = Release;
		};
		B9A401001B3929FE000CAABB /* Build configuration list for PBXNativeTarget "plistVer2HWTests" */ = {
			isa = XCConfigurationList;
			buildConfigurations = (
				B9A401011B3929FE000CAABB /* Debug */,
				B9A401021B3929FE000CAABB /* Release */,
			);
			defaultConfigurationIsVisible = 0;
			defaultConfigurationName = Release;
		};
/* End XCConfigurationList section */
	};
	rootObject = B9A400D61B3929FE000CAABB /* Project object */;
}
